// !$*UTF8*$!
{
	archiveVersion = 1;
	classes = {
	};
	objectVersion = 46;
	objects = {

/* Begin PBXBuildFile section */
		F239A9771E9DDDB6001CA1F9 /* AppDelegate.swift in Sources */ = {isa = PBXBuildFile; fileRef = F239A9761E9DDDB6001CA1F9 /* AppDelegate.swift */; };
		F239A9791E9DDDB6001CA1F9 /* ViewController.swift in Sources */ = {isa = PBXBuildFile; fileRef = F239A9781E9DDDB6001CA1F9 /* ViewController.swift */; };
		F239A97C1E9DDDB6001CA1F9 /* Main.storyboard in Resources */ = {isa = PBXBuildFile; fileRef = F239A97A1E9DDDB6001CA1F9 /* Main.storyboard */; };
		F239A97E1E9DDDB6001CA1F9 /* Assets.xcassets in Resources */ = {isa = PBXBuildFile; fileRef = F239A97D1E9DDDB6001CA1F9 /* Assets.xcassets */; };
		F239A9811E9DDDB6001CA1F9 /* LaunchScreen.storyboard in Resources */ = {isa = PBXBuildFile; fileRef = F239A97F1E9DDDB6001CA1F9 /* LaunchScreen.storyboard */; };
		F239A98C1E9DDDB7001CA1F9 /* AudioTipsTests.swift in Sources */ = {isa = PBXBuildFile; fileRef = F239A98B1E9DDDB7001CA1F9 /* AudioTipsTests.swift */; };
		F239A9971E9DDDB7001CA1F9 /* AudioTipsUITests.swift in Sources */ = {isa = PBXBuildFile; fileRef = F239A9961E9DDDB7001CA1F9 /* AudioTipsUITests.swift */; };
/* End PBXBuildFile section */

/* Begin PBXContainerItemProxy section */
		F239A9881E9DDDB7001CA1F9 /* PBXContainerItemProxy */ = {
			isa = PBXContainerItemProxy;
			containerPortal = F239A96B1E9DDDB6001CA1F9 /* Project object */;
			proxyType = 1;
			remoteGlobalIDString = F239A9721E9DDDB6001CA1F9;
			remoteInfo = AudioTips;
		};
		F239A9931E9DDDB7001CA1F9 /* PBXContainerItemProxy */ = {
			isa = PBXContainerItemProxy;
			containerPortal = F239A96B1E9DDDB6001CA1F9 /* Project object */;
			proxyType = 1;
			remoteGlobalIDString = F239A9721E9DDDB6001CA1F9;
			remoteInfo = AudioTips;
		};
/* End PBXContainerItemProxy section */

/* Begin PBXFileReference section */
		F239A9731E9DDDB6001CA1F9 /* AudioTips.app */ = {isa = PBXFileReference; explicitFileType = wrapper.application; includeInIndex = 0; path = AudioTips.app; sourceTree = BUILT_PRODUCTS_DIR; };
		F239A9761E9DDDB6001CA1F9 /* AppDelegate.swift */ = {isa = PBXFileReference; lastKnownFileType = sourcecode.swift; path = AppDelegate.swift; sourceTree = "<group>"; };
		F239A9781E9DDDB6001CA1F9 /* ViewController.swift */ = {isa = PBXFileReference; lastKnownFileType = sourcecode.swift; path = ViewController.swift; sourceTree = "<group>"; };
		F239A97B1E9DDDB6001CA1F9 /* Base */ = {isa = PBXFileReference; lastKnownFileType = file.storyboard; name = Base; path = Base.lproj/Main.storyboard; sourceTree = "<group>"; };
		F239A97D1E9DDDB6001CA1F9 /* Assets.xcassets */ = {isa = PBXFileReference; lastKnownFileType = folder.assetcatalog; path = Assets.xcassets; sourceTree = "<group>"; };
		F239A9801E9DDDB6001CA1F9 /* Base */ = {isa = PBXFileReference; lastKnownFileType = file.storyboard; name = Base; path = Base.lproj/LaunchScreen.storyboard; sourceTree = "<group>"; };
		F239A9821E9DDDB6001CA1F9 /* Info.plist */ = {isa = PBXFileReference; lastKnownFileType = text.plist.xml; path = Info.plist; sourceTree = "<group>"; };
		F239A9871E9DDDB6001CA1F9 /* AudioTipsTests.xctest */ = {isa = PBXFileReference; explicitFileType = wrapper.cfbundle; includeInIndex = 0; path = AudioTipsTests.xctest; sourceTree = BUILT_PRODUCTS_DIR; };
		F239A98B1E9DDDB7001CA1F9 /* AudioTipsTests.swift */ = {isa = PBXFileReference; lastKnownFileType = sourcecode.swift; path = AudioTipsTests.swift; sourceTree = "<group>"; };
		F239A98D1E9DDDB7001CA1F9 /* Info.plist */ = {isa = PBXFileReference; lastKnownFileType = text.plist.xml; path = Info.plist; sourceTree = "<group>"; };
		F239A9921E9DDDB7001CA1F9 /* AudioTipsUITests.xctest */ = {isa = PBXFileReference; explicitFileType = wrapper.cfbundle; includeInIndex = 0; path = AudioTipsUITests.xctest; sourceTree = BUILT_PRODUCTS_DIR; };
		F239A9961E9DDDB7001CA1F9 /* AudioTipsUITests.swift */ = {isa = PBXFileReference; lastKnownFileType = sourcecode.swift; path = AudioTipsUITests.swift; sourceTree = "<group>"; };
		F239A9981E9DDDB7001CA1F9 /* Info.plist */ = {isa = PBXFileReference; lastKnownFileType = text.plist.xml; path = Info.plist; sourceTree = "<group>"; };
/* End PBXFileReference section */

/* Begin PBXFrameworksBuildPhase section */
		F239A9701E9DDDB6001CA1F9 /* Frameworks */ = {
			isa = PBXFrameworksBuildPhase;
			buildActionMask = 2147483647;
			files = (
			);
			runOnlyForDeploymentPostprocessing = 0;
		};
		F239A9841E9DDDB6001CA1F9 /* Frameworks */ = {
			isa = PBXFrameworksBuildPhase;
			buildActionMask = 2147483647;
			files = (
			);
			runOnlyForDeploymentPostprocessing = 0;
		};
		F239A98F1E9DDDB7001CA1F9 /* Frameworks */ = {
			isa = PBXFrameworksBuildPhase;
			buildActionMask = 2147483647;
			files = (
			);
			runOnlyForDeploymentPostprocessing = 0;
		};
/* End PBXFrameworksBuildPhase section */

/* Begin PBXGroup section */
		F239A96A1E9DDDB6001CA1F9 = {
			isa = PBXGroup;
			children = (
				F239A9751E9DDDB6001CA1F9 /* AudioTips */,
				F239A98A1E9DDDB7001CA1F9 /* AudioTipsTests */,
				F239A9951E9DDDB7001CA1F9 /* AudioTipsUITests */,
				F239A9741E9DDDB6001CA1F9 /* Products */,
			);
			sourceTree = "<group>";
		};
		F239A9741E9DDDB6001CA1F9 /* Products */ = {
			isa = PBXGroup;
			children = (
				F239A9731E9DDDB6001CA1F9 /* AudioTips.app */,
				F239A9871E9DDDB6001CA1F9 /* AudioTipsTests.xctest */,
				F239A9921E9DDDB7001CA1F9 /* AudioTipsUITests.xctest */,
			);
			name = Products;
			sourceTree = "<group>";
		};
		F239A9751E9DDDB6001CA1F9 /* AudioTips */ = {
			isa = PBXGroup;
			children = (
				F239A9761E9DDDB6001CA1F9 /* AppDelegate.swift */,
				F239A9781E9DDDB6001CA1F9 /* ViewController.swift */,
				F239A97A1E9DDDB6001CA1F9 /* Main.storyboard */,
				F239A97D1E9DDDB6001CA1F9 /* Assets.xcassets */,
				F239A97F1E9DDDB6001CA1F9 /* LaunchScreen.storyboard */,
				F239A9821E9DDDB6001CA1F9 /* Info.plist */,
			);
			path = AudioTips;
			sourceTree = "<group>";
		};
		F239A98A1E9DDDB7001CA1F9 /* AudioTipsTests */ = {
			isa = PBXGroup;
			children = (
				F239A98B1E9DDDB7001CA1F9 /* AudioTipsTests.swift */,
				F239A98D1E9DDDB7001CA1F9 /* Info.plist */,
			);
			path = AudioTipsTests;
			sourceTree = "<group>";
		};
		F239A9951E9DDDB7001CA1F9 /* AudioTipsUITests */ = {
			isa = PBXGroup;
			children = (
				F239A9961E9DDDB7001CA1F9 /* AudioTipsUITests.swift */,
				F239A9981E9DDDB7001CA1F9 /* Info.plist */,
			);
			path = AudioTipsUITests;
			sourceTree = "<group>";
		};
/* End PBXGroup section */

/* Begin PBXNativeTarget section */
		F239A9721E9DDDB6001CA1F9 /* AudioTips */ = {
			isa = PBXNativeTarget;
			buildConfigurationList = F239A99B1E9DDDB7001CA1F9 /* Build configuration list for PBXNativeTarget "AudioTips" */;
			buildPhases = (
				F239A96F1E9DDDB6001CA1F9 /* Sources */,
				F239A9701E9DDDB6001CA1F9 /* Frameworks */,
				F239A9711E9DDDB6001CA1F9 /* Resources */,
			);
			buildRules = (
			);
			dependencies = (
			);
			name = AudioTips;
			productName = AudioTips;
			productReference = F239A9731E9DDDB6001CA1F9 /* AudioTips.app */;
			productType = "com.apple.product-type.application";
		};
		F239A9861E9DDDB6001CA1F9 /* AudioTipsTests */ = {
			isa = PBXNativeTarget;
			buildConfigurationList = F239A99E1E9DDDB7001CA1F9 /* Build configuration list for PBXNativeTarget "AudioTipsTests" */;
			buildPhases = (
				F239A9831E9DDDB6001CA1F9 /* Sources */,
				F239A9841E9DDDB6001CA1F9 /* Frameworks */,
				F239A9851E9DDDB6001CA1F9 /* Resources */,
			);
			buildRules = (
			);
			dependencies = (
				F239A9891E9DDDB7001CA1F9 /* PBXTargetDependency */,
			);
			name = AudioTipsTests;
			productName = AudioTipsTests;
			productReference = F239A9871E9DDDB6001CA1F9 /* AudioTipsTests.xctest */;
			productType = "com.apple.product-type.bundle.unit-test";
		};
		F239A9911E9DDDB7001CA1F9 /* AudioTipsUITests */ = {
			isa = PBXNativeTarget;
			buildConfigurationList = F239A9A11E9DDDB7001CA1F9 /* Build configuration list for PBXNativeTarget "AudioTipsUITests" */;
			buildPhases = (
				F239A98E1E9DDDB7001CA1F9 /* Sources */,
				F239A98F1E9DDDB7001CA1F9 /* Frameworks */,
				F239A9901E9DDDB7001CA1F9 /* Resources */,
			);
			buildRules = (
			);
			dependencies = (
				F239A9941E9DDDB7001CA1F9 /* PBXTargetDependency */,
			);
			name = AudioTipsUITests;
			productName = AudioTipsUITests;
			productReference = F239A9921E9DDDB7001CA1F9 /* AudioTipsUITests.xctest */;
			productType = "com.apple.product-type.bundle.ui-testing";
		};
/* End PBXNativeTarget section */

/* Begin PBXProject section */
		F239A96B1E9DDDB6001CA1F9 /* Project object */ = {
			isa = PBXProject;
			attributes = {
				LastSwiftUpdateCheck = 0830;
				LastUpgradeCheck = 0830;
				ORGANIZATIONNAME = tomisacat;
				TargetAttributes = {
					F239A9721E9DDDB6001CA1F9 = {
						CreatedOnToolsVersion = 8.3.1;
						DevelopmentTeam = QZHY6V5GG8;
						ProvisioningStyle = Automatic;
					};
					F239A9861E9DDDB6001CA1F9 = {
						CreatedOnToolsVersion = 8.3.1;
						DevelopmentTeam = QZHY6V5GG8;
						ProvisioningStyle = Automatic;
						TestTargetID = F239A9721E9DDDB6001CA1F9;
					};
					F239A9911E9DDDB7001CA1F9 = {
						CreatedOnToolsVersion = 8.3.1;
						DevelopmentTeam = QZHY6V5GG8;
						ProvisioningStyle = Automatic;
						TestTargetID = F239A9721E9DDDB6001CA1F9;
					};
				};
			};
			buildConfigurationList = F239A96E1E9DDDB6001CA1F9 /* Build configuration list for PBXProject "AudioTips" */;
			compatibilityVersion = "Xcode 3.2";
			developmentRegion = English;
			hasScannedForEncodings = 0;
			knownRegions = (
				en,
				Base,
			);
			mainGroup = F239A96A1E9DDDB6001CA1F9;
			productRefGroup = F239A9741E9DDDB6001CA1F9 /* Products */;
			projectDirPath = "";
			projectRoot = "";
			targets = (
				F239A9721E9DDDB6001CA1F9 /* AudioTips */,
				F239A9861E9DDDB6001CA1F9 /* AudioTipsTests */,
				F239A9911E9DDDB7001CA1F9 /* AudioTipsUITests */,
			);
		};
/* End PBXProject section */

/* Begin PBXResourcesBuildPhase section */
		F239A9711E9DDDB6001CA1F9 /* Resources */ = {
			isa = PBXResourcesBuildPhase;
			buildActionMask = 2147483647;
			files = (
				F239A9811E9DDDB6001CA1F9 /* LaunchScreen.storyboard in Resources */,
				F239A97E1E9DDDB6001CA1F9 /* Assets.xcassets in Resources */,
				F239A97C1E9DDDB6001CA1F9 /* Main.storyboard in Resources */,
			);
			runOnlyForDeploymentPostprocessing = 0;
		};
		F239A9851E9DDDB6001CA1F9 /* Resources */ = {
			isa = PBXResourcesBuildPhase;
			buildActionMask = 2147483647;
			files = (
			);
			runOnlyForDeploymentPostprocessing = 0;
		};
		F239A9901E9DDDB7001CA1F9 /* Resources */ = {
			isa = PBXResourcesBuildPhase;
			buildActionMask = 2147483647;
			files = (
			);
			runOnlyForDeploymentPostprocessing = 0;
		};
/* End PBXResourcesBuildPhase section */

/* Begin PBXSourcesBuildPhase section */
		F239A96F1E9DDDB6001CA1F9 /* Sources */ = {
			isa = PBXSourcesBuildPhase;
			buildActionMask = 2147483647;
			files = (
				F239A9791E9DDDB6001CA1F9 /* ViewController.swift in Sources */,
				F239A9771E9DDDB6001CA1F9 /* AppDelegate.swift in Sources */,
			);
			runOnlyForDeploymentPostprocessing = 0;
		};
		F239A9831E9DDDB6001CA1F9 /* Sources */ = {
			isa = PBXSourcesBuildPhase;
			buildActionMask = 2147483647;
			files = (
				F239A98C1E9DDDB7001CA1F9 /* AudioTipsTests.swift in Sources */,
			);
			runOnlyForDeploymentPostprocessing = 0;
		};
		F239A98E1E9DDDB7001CA1F9 /* Sources */ = {
			isa = PBXSourcesBuildPhase;
			buildActionMask = 2147483647;
			files = (
				F239A9971E9DDDB7001CA1F9 /* AudioTipsUITests.swift in Sources */,
			);
			runOnlyForDeploymentPostprocessing = 0;
		};
/* End PBXSourcesBuildPhase section */

/* Begin PBXTargetDependency section */
		F239A9891E9DDDB7001CA1F9 /* PBXTargetDependency */ = {
			isa = PBXTargetDependency;
			target = F239A9721E9DDDB6001CA1F9 /* AudioTips */;
			targetProxy = F239A9881E9DDDB7001CA1F9 /* PBXContainerItemProxy */;
		};
		F239A9941E9DDDB7001CA1F9 /* PBXTargetDependency */ = {
			isa = PBXTargetDependency;
			target = F239A9721E9DDDB6001CA1F9 /* AudioTips */;
			targetProxy = F239A9931E9DDDB7001CA1F9 /* PBXContainerItemProxy */;
		};
/* End PBXTargetDependency section */

/* Begin PBXVariantGroup section */
		F239A97A1E9DDDB6001CA1F9 /* Main.storyboard */ = {
			isa = PBXVariantGroup;
			children = (
				F239A97B1E9DDDB6001CA1F9 /* Base */,
			);
			name = Main.storyboard;
			sourceTree = "<group>";
		};
		F239A97F1E9DDDB6001CA1F9 /* LaunchScreen.storyboard */ = {
			isa = PBXVariantGroup;
			children = (
				F239A9801E9DDDB6001CA1F9 /* Base */,
			);
			name = LaunchScreen.storyboard;
			sourceTree = "<group>";
		};
/* End PBXVariantGroup section */

/* Begin XCBuildConfiguration section */
		F239A9991E9DDDB7001CA1F9 /* Debug */ = {
			isa = XCBuildConfiguration;
			buildSettings = {
				ALWAYS_SEARCH_USER_PATHS = NO;
				CLANG_ANALYZER_NONNULL = YES;
				CLANG_ANALYZER_NUMBER_OBJECT_CONVERSION = YES_AGGRESSIVE;
				CLANG_CXX_LANGUAGE_STANDARD = "gnu++0x";
				CLANG_CXX_LIBRARY = "libc++";
				CLANG_ENABLE_MODULES = YES;
				CLANG_ENABLE_OBJC_ARC = YES;
				CLANG_WARN_BOOL_CONVERSION = YES;
				CLANG_WARN_CONSTANT_CONVERSION = YES;
				CLANG_WARN_DIRECT_OBJC_ISA_USAGE = YES_ERROR;
				CLANG_WARN_DOCUMENTATION_COMMENTS = YES;
				CLANG_WARN_EMPTY_BODY = YES;
				CLANG_WARN_ENUM_CONVERSION = YES;
				CLANG_WARN_INFINITE_RECURSION = YES;
				CLANG_WARN_INT_CONVERSION = YES;
				CLANG_WARN_OBJC_ROOT_CLASS = YES_ERROR;
				CLANG_WARN_SUSPICIOUS_MOVE = YES;
				CLANG_WARN_UNREACHABLE_CODE = YES;
				CLANG_WARN__DUPLICATE_METHOD_MATCH = YES;
				"CODE_SIGN_IDENTITY[sdk=iphoneos*]" = "iPhone Developer";
				COPY_PHASE_STRIP = NO;
				DEBUG_INFORMATION_FORMAT = dwarf;
				ENABLE_STRICT_OBJC_MSGSEND = YES;
				ENABLE_TESTABILITY = YES;
				GCC_C_LANGUAGE_STANDARD = gnu99;
				GCC_DYNAMIC_NO_PIC = NO;
				GCC_NO_COMMON_BLOCKS = YES;
				GCC_OPTIMIZATION_LEVEL = 0;
				GCC_PREPROCESSOR_DEFINITIONS = (
					"DEBUG=1",
					"$(inherited)",
				);
				GCC_WARN_64_TO_32_BIT_CONVERSION = YES;
				GCC_WARN_ABOUT_RETURN_TYPE = YES_ERROR;
				GCC_WARN_UNDECLARED_SELECTOR = YES;
				GCC_WARN_UNINITIALIZED_AUTOS = YES_AGGRESSIVE;
				GCC_WARN_UNUSED_FUNCTION = YES;
				GCC_WARN_UNUSED_VARIABLE = YES;
				IPHONEOS_DEPLOYMENT_TARGET = 10.3;
				MTL_ENABLE_DEBUG_INFO = YES;
				ONLY_ACTIVE_ARCH = YES;
				SDKROOT = iphoneos;
				SWIFT_ACTIVE_COMPILATION_CONDITIONS = DEBUG;
				SWIFT_OPTIMIZATION_LEVEL = "-Onone";
				TARGETED_DEVICE_FAMILY = "1,2";
			};
			name = Debug;
		};
		F239A99A1E9DDDB7001CA1F9 /* Release */ = {
			isa = XCBuildConfiguration;
			buildSettings = {
				ALWAYS_SEARCH_USER_PATHS = NO;
				CLANG_ANALYZER_NONNULL = YES;
				CLANG_ANALYZER_NUMBER_OBJECT_CONVERSION = YES_AGGRESSIVE;
				CLANG_CXX_LANGUAGE_STANDARD = "gnu++0x";
				CLANG_CXX_LIBRARY = "libc++";
				CLANG_ENABLE_MODULES = YES;
				CLANG_ENABLE_OBJC_ARC = YES;
				CLANG_WARN_BOOL_CONVERSION = YES;
				CLANG_WARN_CONSTANT_CONVERSION = YES;
				CLANG_WARN_DIRECT_OBJC_ISA_USAGE = YES_ERROR;
				CLANG_WARN_DOCUMENTATION_COMMENTS = YES;
				CLANG_WARN_EMPTY_BODY = YES;
				CLANG_WARN_ENUM_CONVERSION = YES;
				CLANG_WARN_INFINITE_RECURSION = YES;
				CLANG_WARN_INT_CONVERSION = YES;
				CLANG_WARN_OBJC_ROOT_CLASS = YES_ERROR;
				CLANG_WARN_SUSPICIOUS_MOVE = YES;
				CLANG_WARN_UNREACHABLE_CODE = YES;
				CLANG_WARN__DUPLICATE_METHOD_MATCH = YES;
				"CODE_SIGN_IDENTITY[sdk=iphoneos*]" = "iPhone Developer";
				COPY_PHASE_STRIP = NO;
				DEBUG_INFORMATION_FORMAT = "dwarf-with-dsym";
				ENABLE_NS_ASSERTIONS = NO;
				ENABLE_STRICT_OBJC_MSGSEND = YES;
				GCC_C_LANGUAGE_STANDARD = gnu99;
				GCC_NO_COMMON_BLOCKS = YES;
				GCC_WARN_64_TO_32_BIT_CONVERSION = YES;
				GCC_WARN_ABOUT_RETURN_TYPE = YES_ERROR;
				GCC_WARN_UNDECLARED_SELECTOR = YES;
				GCC_WARN_UNINITIALIZED_AUTOS = YES_AGGRESSIVE;
				GCC_WARN_UNUSED_FUNCTION = YES;
				GCC_WARN_UNUSED_VARIABLE = YES;
				IPHONEOS_DEPLOYMENT_TARGET = 10.3;
				MTL_ENABLE_DEBUG_INFO = NO;
				SDKROOT = iphoneos;
				SWIFT_OPTIMIZATION_LEVEL = "-Owholemodule";
				TARGETED_DEVICE_FAMILY = "1,2";
				VALIDATE_PRODUCT = YES;
			};
			name = Release;
		};
		F239A99C1E9DDDB7001CA1F9 /* Debug */ = {
			isa = XCBuildConfiguration;
			buildSettings = {
				ASSETCATALOG_COMPILER_APPICON_NAME = AppIcon;
				DEVELOPMENT_TEAM = QZHY6V5GG8;
				INFOPLIST_FILE = AudioTips/Info.plist;
				LD_RUNPATH_SEARCH_PATHS = "$(inherited) @executable_path/Frameworks";
				PRODUCT_BUNDLE_IDENTIFIER = xyz.tomisacat.AudioTips;
				PRODUCT_NAME = "$(TARGET_NAME)";
				SWIFT_VERSION = 3.0;
			};
			name = Debug;
		};
		F239A99D1E9DDDB7001CA1F9 /* Release */ = {
			isa = XCBuildConfiguration;
			buildSettings = {
				ASSETCATALOG_COMPILER_APPICON_NAME = AppIcon;
				DEVELOPMENT_TEAM = QZHY6V5GG8;
				INFOPLIST_FILE = AudioTips/Info.plist;
				LD_RUNPATH_SEARCH_PATHS = "$(inherited) @executable_path/Frameworks";
				PRODUCT_BUNDLE_IDENTIFIER = xyz.tomisacat.AudioTips;
				PRODUCT_NAME = "$(TARGET_NAME)";
				SWIFT_VERSION = 3.0;
			};
			name = Release;
		};
		F239A99F1E9DDDB7001CA1F9 /* Debug */ = {
			isa = XCBuildConfiguration;
			buildSettings = {
				ALWAYS_EMBED_SWIFT_STANDARD_LIBRARIES = YES;
				BUNDLE_LOADER = "$(TEST_HOST)";
				DEVELOPMENT_TEAM = QZHY6V5GG8;
				INFOPLIST_FILE = AudioTipsTests/Info.plist;
				LD_RUNPATH_SEARCH_PATHS = "$(inherited) @executable_path/Frameworks @loader_path/Frameworks";
				PRODUCT_BUNDLE_IDENTIFIER = xyz.tomisacat.AudioTipsTests;
				PRODUCT_NAME = "$(TARGET_NAME)";
				SWIFT_VERSION = 3.0;
				TEST_HOST = "$(BUILT_PRODUCTS_DIR)/AudioTips.app/AudioTips";
			};
			name = Debug;
		};
		F239A9A01E9DDDB7001CA1F9 /* Release */ = {
			isa = XCBuildConfiguration;
			buildSettings = {
				ALWAYS_EMBED_SWIFT_STANDARD_LIBRARIES = YES;
				BUNDLE_LOADER = "$(TEST_HOST)";
				DEVELOPMENT_TEAM = QZHY6V5GG8;
				INFOPLIST_FILE = AudioTipsTests/Info.plist;
				LD_RUNPATH_SEARCH_PATHS = "$(inherited) @executable_path/Frameworks @loader_path/Frameworks";
				PRODUCT_BUNDLE_IDENTIFIER = xyz.tomisacat.AudioTipsTests;
				PRODUCT_NAME = "$(TARGET_NAME)";
				SWIFT_VERSION = 3.0;
				TEST_HOST = "$(BUILT_PRODUCTS_DIR)/AudioTips.app/AudioTips";
			};
			name = Release;
		};
		F239A9A21E9DDDB7001CA1F9 /* Debug */ = {
			isa = XCBuildConfiguration;
			buildSettings = {
				ALWAYS_EMBED_SWIFT_STANDARD_LIBRARIES = YES;
				DEVELOPMENT_TEAM = QZHY6V5GG8;
				INFOPLIST_FILE = AudioTipsUITests/Info.plist;
				LD_RUNPATH_SEARCH_PATHS = "$(inherited) @executable_path/Frameworks @loader_path/Frameworks";
				PRODUCT_BUNDLE_IDENTIFIER = xyz.tomisacat.AudioTipsUITests;
				PRODUCT_NAME = "$(TARGET_NAME)";
				SWIFT_VERSION = 3.0;
				TEST_TARGET_NAME = AudioTips;
			};
			name = Debug;
		};
		F239A9A31E9DDDB7001CA1F9 /* Release */ = {
			isa = XCBuildConfiguration;
			buildSettings = {
				ALWAYS_EMBED_SWIFT_STANDARD_LIBRARIES = YES;
				DEVELOPMENT_TEAM = QZHY6V5GG8;
				INFOPLIST_FILE = AudioTipsUITests/Info.plist;
				LD_RUNPATH_SEARCH_PATHS = "$(inherited) @executable_path/Frameworks @loader_path/Frameworks";
				PRODUCT_BUNDLE_IDENTIFIER = xyz.tomisacat.AudioTipsUITests;
				PRODUCT_NAME = "$(TARGET_NAME)";
				SWIFT_VERSION = 3.0;
				TEST_TARGET_NAME = AudioTips;
			};
			name = Release;
		};
/* End XCBuildConfiguration section */

/* Begin XCConfigurationList section */
		F239A96E1E9DDDB6001CA1F9 /* Build configuration list for PBXProject "AudioTips" */ = {
			isa = XCConfigurationList;
			buildConfigurations = (
				F239A9991E9DDDB7001CA1F9 /* Debug */,
				F239A99A1E9DDDB7001CA1F9 /* Release */,
			);
			defaultConfigurationIsVisible = 0;
			defaultConfigurationName = Release;
		};
		F239A99B1E9DDDB7001CA1F9 /* Build configuration list for PBXNativeTarget "AudioTips" */ = {
			isa = XCConfigurationList;
			buildConfigurations = (
				F239A99C1E9DDDB7001CA1F9 /* Debug */,
				F239A99D1E9DDDB7001CA1F9 /* Release */,
			);
			defaultConfigurationIsVisible = 0;
		};
		F239A99E1E9DDDB7001CA1F9 /* Build configuration list for PBXNativeTarget "AudioTipsTests" */ = {
			isa = XCConfigurationList;
			buildConfigurations = (
				F239A99F1E9DDDB7001CA1F9 /* Debug */,
				F239A9A01E9DDDB7001CA1F9 /* Release */,
			);
			defaultConfigurationIsVisible = 0;
		};
		F239A9A11E9DDDB7001CA1F9 /* Build configuration list for PBXNativeTarget "AudioTipsUITests" */ = {
			isa = XCConfigurationList;
			buildConfigurations = (
				F239A9A21E9DDDB7001CA1F9 /* Debug */,
				F239A9A31E9DDDB7001CA1F9 /* Release */,
			);
			defaultConfigurationIsVisible = 0;
		};
/* End XCConfigurationList section */
	};
	rootObject = F239A96B1E9DDDB6001CA1F9 /* Project object */;
}
